
Microsoft Visual Studio Solution File, Format Version 12.00
# Visual Studio Version 17
VisualStudioVersion = 17.6.33723.286
MinimumVisualStudioVersion = 10.0.40219.1
Project("{FAE04EC0-301F-11D3-BF4B-00C04F79EFBC}") = "WebAppSwager1", "WebAppSwager1\WebAppSwager1.csproj", "{5EE82401-2A7B-431C-8917-1E4FBF27DC92}"
EndProject
Global
	GlobalSection(SolutionConfigurationPlatforms) = preSolution
		Debug|Any CPU = Debug|Any CPU
		Release|Any CPU = Release|Any CPU
	EndGlobalSection
	GlobalSection(ProjectConfigurationPlatforms) = postSolution
		{5EE82401-2A7B-431C-8917-1E4FBF27DC92}.Debug|Any CPU.ActiveCfg = Debug|Any CPU
		{5EE82401-2A7B-431C-8917-1E4FBF27DC92}.Debug|Any CPU.Build.0 = Debug|Any CPU
		{5EE82401-2A7B-431C-8917-1E4FBF27DC92}.Release|Any CPU.ActiveCfg = Release|Any CPU
		{5EE82401-2A7B-431C-8917-1E4FBF27DC92}.Release|Any CPU.Build.0 = Release|Any CPU
	EndGlobalSection
	GlobalSection(SolutionProperties) = preSolution
		HideSolutionNode = FALSE
	EndGlobalSection
	GlobalSection(ExtensibilityGlobals) = postSolution
		SolutionGuid = {C9AD8C78-2F0A-4C1E-8F61-F713E814D6AC}
	EndGlobalSection
EndGlobal
